
Microsoft Visual Studio Solution File, Format Version 12.00
# Visual Studio Version 17
VisualStudioVersion = 17.5.002.0
MinimumVisualStudioVersion = 10.0.40219.1
Project("{9A19103F-16F7-4668-BE54-9A1E7A4F7556}") = "UserManagementAPI", "UserManagementAPI.csproj", "{24452F0E-31B8-46D2-92EA-5065A85F0AB4}"
EndProject
Global
	GlobalSection(SolutionConfigurationPlatforms) = preSolution
		Debug|Any CPU = Debug|Any CPU
		Release|Any CPU = Release|Any CPU
	EndGlobalSection
	GlobalSection(ProjectConfigurationPlatforms) = postSolution
		{24452F0E-31B8-46D2-92EA-5065A85F0AB4}.Debug|Any CPU.ActiveCfg = Debug|Any CPU
		{24452F0E-31B8-46D2-92EA-5065A85F0AB4}.Debug|Any CPU.Build.0 = Debug|Any CPU
		{24452F0E-31B8-46D2-92EA-5065A85F0AB4}.Release|Any CPU.ActiveCfg = Release|Any CPU
		{24452F0E-31B8-46D2-92EA-5065A85F0AB4}.Release|Any CPU.Build.0 = Release|Any CPU
	EndGlobalSection
	GlobalSection(SolutionProperties) = preSolution
		HideSolutionNode = FALSE
	EndGlobalSection
	GlobalSection(ExtensibilityGlobals) = postSolution
		SolutionGuid = {05ED0CA6-3081-45D9-BA51-38383E3E40BB}
	EndGlobalSection
EndGlobal
